
Microsoft Visual Studio Solution File, Format Version 12.00
# Visual Studio 15
VisualStudioVersion = 15.0.28307.960
MinimumVisualStudioVersion = 10.0.40219.1
Project("{FAE04EC0-301F-11D3-BF4B-00C04F79EFBC}") = "V1.0", "Prototype_3\V1.0.csproj", "{420329B8-141A-4CE7-ABE5-53CA3B91E6FB}"
EndProject
Global
	GlobalSection(SolutionConfigurationPlatforms) = preSolution
		Debug|Any CPU = Debug|Any CPU
		Release|Any CPU = Release|Any CPU
	EndGlobalSection
	GlobalSection(ProjectConfigurationPlatforms) = postSolution
		{420329B8-141A-4CE7-ABE5-53CA3B91E6FB}.Debug|Any CPU.ActiveCfg = Debug|Any CPU
		{420329B8-141A-4CE7-ABE5-53CA3B91E6FB}.Debug|Any CPU.Build.0 = Debug|Any CPU
		{420329B8-141A-4CE7-ABE5-53CA3B91E6FB}.Release|Any CPU.ActiveCfg = Release|Any CPU
		{420329B8-141A-4CE7-ABE5-53CA3B91E6FB}.Release|Any CPU.Build.0 = Release|Any CPU
	EndGlobalSection
	GlobalSection(SolutionProperties) = preSolution
		HideSolutionNode = FALSE
	EndGlobalSection
	GlobalSection(ExtensibilityGlobals) = postSolution
		SolutionGuid = {2BBA58B0-B26F-49D3-BD73-209AA1AEE1DD}
	EndGlobalSection
EndGlobal
